// !$*UTF8*$!
{
	archiveVersion = 1;
	classes = {
	};
	objectVersion = 51;
	objects = {

/* Begin PBXBuildFile section */
		182A435424A9D775009D1E54 /* DrawerTransition.swift in Sources */ = {isa = PBXBuildFile; fileRef = 182A435324A9D775009D1E54 /* DrawerTransition.swift */; };
		182A435724A9DFFA009D1E54 /* HomeViewController.swift in Sources */ = {isa = PBXBuildFile; fileRef = 182A435624A9DFFA009D1E54 /* HomeViewController.swift */; };
		182A435924A9E004009D1E54 /* RefrencesViewController.swift in Sources */ = {isa = PBXBuildFile; fileRef = 182A435824A9E004009D1E54 /* RefrencesViewController.swift */; };
		182A435B24A9E00F009D1E54 /* ProfileViewController.swift in Sources */ = {isa = PBXBuildFile; fileRef = 182A435A24A9E00F009D1E54 /* ProfileViewController.swift */; };
		182A435D24A9E01A009D1E54 /* SettingsViewController.swift in Sources */ = {isa = PBXBuildFile; fileRef = 182A435C24A9E01A009D1E54 /* SettingsViewController.swift */; };
		182A435F24A9E024009D1E54 /* SideMenuViewController.swift in Sources */ = {isa = PBXBuildFile; fileRef = 182A435E24A9E024009D1E54 /* SideMenuViewController.swift */; };
		1831E00624AB52830081156F /* SettingsTableViewCell.swift in Sources */ = {isa = PBXBuildFile; fileRef = 1831E00424AB52830081156F /* SettingsTableViewCell.swift */; };
		1831E00724AB52830081156F /* SettingsTableViewCell.xib in Resources */ = {isa = PBXBuildFile; fileRef = 1831E00524AB52830081156F /* SettingsTableViewCell.xib */; };
		1831E00A24AB6BB80081156F /* ContactUsViewController.swift in Sources */ = {isa = PBXBuildFile; fileRef = 1831E00924AB6BB80081156F /* ContactUsViewController.swift */; };
		1831E00C24AB6BC20081156F /* AboutUsViewController.swift in Sources */ = {isa = PBXBuildFile; fileRef = 1831E00B24AB6BC20081156F /* AboutUsViewController.swift */; };
		18470C9D24A8C29A004B52B1 /* Comfortaa-Bold.ttf in Resources */ = {isa = PBXBuildFile; fileRef = 18470C9A24A8C29A004B52B1 /* Comfortaa-Bold.ttf */; };
		18470C9E24A8C29A004B52B1 /* Comfortaa-Regular.ttf in Resources */ = {isa = PBXBuildFile; fileRef = 18470C9B24A8C29A004B52B1 /* Comfortaa-Regular.ttf */; };
		18470C9F24A8C29A004B52B1 /* Comfortaa-Light.ttf in Resources */ = {isa = PBXBuildFile; fileRef = 18470C9C24A8C29A004B52B1 /* Comfortaa-Light.ttf */; };
		18470CA224A8C5DD004B52B1 /* Register.storyboard in Resources */ = {isa = PBXBuildFile; fileRef = 18470CA124A8C5DD004B52B1 /* Register.storyboard */; };
		18470CA424A8C7F4004B52B1 /* Extensions.swift in Sources */ = {isa = PBXBuildFile; fileRef = 18470CA324A8C7F4004B52B1 /* Extensions.swift */; };
		18470CA624A8C80D004B52B1 /* CommonClass.swift in Sources */ = {isa = PBXBuildFile; fileRef = 18470CA524A8C80D004B52B1 /* CommonClass.swift */; };
		18470CA824A8CF13004B52B1 /* SignInViewController.swift in Sources */ = {isa = PBXBuildFile; fileRef = 18470CA724A8CF13004B52B1 /* SignInViewController.swift */; };
		18470CAA24A8CF1F004B52B1 /* SingUpViewController.swift in Sources */ = {isa = PBXBuildFile; fileRef = 18470CA924A8CF1F004B52B1 /* SingUpViewController.swift */; };
		18470CAC24A8EC55004B52B1 /* ForgetPasswordViewController.swift in Sources */ = {isa = PBXBuildFile; fileRef = 18470CAB24A8EC55004B52B1 /* ForgetPasswordViewController.swift */; };
		186A822E24AF12C300C9B2FF /* ViewReferenceTableViewCell.swift in Sources */ = {isa = PBXBuildFile; fileRef = 186A822C24AF12C300C9B2FF /* ViewReferenceTableViewCell.swift */; };
		186A822F24AF12C300C9B2FF /* ViewReferenceTableViewCell.xib in Resources */ = {isa = PBXBuildFile; fileRef = 186A822D24AF12C300C9B2FF /* ViewReferenceTableViewCell.xib */; };
		186A823124AF1A9A00C9B2FF /* PendingReferenceViewController.swift in Sources */ = {isa = PBXBuildFile; fileRef = 186A823024AF1A9A00C9B2FF /* PendingReferenceViewController.swift */; };
		186A823424AF1AEB00C9B2FF /* PendingReferenceTableViewCell.swift in Sources */ = {isa = PBXBuildFile; fileRef = 186A823224AF1AEB00C9B2FF /* PendingReferenceTableViewCell.swift */; };
		186A823524AF1AEB00C9B2FF /* PendingReferenceTableViewCell.xib in Resources */ = {isa = PBXBuildFile; fileRef = 186A823324AF1AEB00C9B2FF /* PendingReferenceTableViewCell.xib */; };
		186A823724AF218900C9B2FF /* SubmitReferenceViewController.swift in Sources */ = {isa = PBXBuildFile; fileRef = 186A823624AF218900C9B2FF /* SubmitReferenceViewController.swift */; };
		187F7E3424AB249900EDE189 /* SideMenuTableViewCell.swift in Sources */ = {isa = PBXBuildFile; fileRef = 187F7E3224AB249900EDE189 /* SideMenuTableViewCell.swift */; };
		187F7E3524AB249900EDE189 /* SideMenuTableViewCell.xib in Resources */ = {isa = PBXBuildFile; fileRef = 187F7E3324AB249900EDE189 /* SideMenuTableViewCell.xib */; };
		18C044A324A88A8300E9A278 /* AppDelegate.swift in Sources */ = {isa = PBXBuildFile; fileRef = 18C044A224A88A8300E9A278 /* AppDelegate.swift */; };
		18C044A524A88A8300E9A278 /* SceneDelegate.swift in Sources */ = {isa = PBXBuildFile; fileRef = 18C044A424A88A8300E9A278 /* SceneDelegate.swift */; };
		18C044A724A88A8300E9A278 /* ViewController.swift in Sources */ = {isa = PBXBuildFile; fileRef = 18C044A624A88A8300E9A278 /* ViewController.swift */; };
		18C044AA24A88A8300E9A278 /* Main.storyboard in Resources */ = {isa = PBXBuildFile; fileRef = 18C044A824A88A8300E9A278 /* Main.storyboard */; };
		18C044AC24A88A8500E9A278 /* Assets.xcassets in Resources */ = {isa = PBXBuildFile; fileRef = 18C044AB24A88A8500E9A278 /* Assets.xcassets */; };
		18C044AF24A88A8500E9A278 /* LaunchScreen.storyboard in Resources */ = {isa = PBXBuildFile; fileRef = 18C044AD24A88A8500E9A278 /* LaunchScreen.storyboard */; };
		18C044BA24A88A8500E9A278 /* veriMeTests.swift in Sources */ = {isa = PBXBuildFile; fileRef = 18C044B924A88A8500E9A278 /* veriMeTests.swift */; };
		18C044C524A88A8500E9A278 /* veriMeUITests.swift in Sources */ = {isa = PBXBuildFile; fileRef = 18C044C424A88A8500E9A278 /* veriMeUITests.swift */; };
		18D0C8F524AE63BF00D603CC /* DashboardCollectionViewCell.swift in Sources */ = {isa = PBXBuildFile; fileRef = 18D0C8F324AE63BF00D603CC /* DashboardCollectionViewCell.swift */; };
		18D0C8F824AE70E500D603CC /* WebKit.framework in Frameworks */ = {isa = PBXBuildFile; fileRef = 18D0C8F724AE70E500D603CC /* WebKit.framework */; };
		524350DCC75153B6E921F53D /* Pods_veriMeTests.framework in Frameworks */ = {isa = PBXBuildFile; fileRef = 5D3666DD647DDE10B75D3F77 /* Pods_veriMeTests.framework */; };
		5737E3F42B48CD59DE953F11 /* Pods_veriMe.framework in Frameworks */ = {isa = PBXBuildFile; fileRef = 6D5E8B09EB45CFDFB9B9755C /* Pods_veriMe.framework */; };
		97EEBACAF97B4BCCE793FF5F /* Pods_veriMe_veriMeUITests.framework in Frameworks */ = {isa = PBXBuildFile; fileRef = B2144407806D2570D3072A20 /* Pods_veriMe_veriMeUITests.framework */; };
/* End PBXBuildFile section */

/* Begin PBXContainerItemProxy section */
		18C044B624A88A8500E9A278 /* PBXContainerItemProxy */ = {
			isa = PBXContainerItemProxy;
			containerPortal = 18C0449724A88A8300E9A278 /* Project object */;
			proxyType = 1;
			remoteGlobalIDString = 18C0449E24A88A8300E9A278;
			remoteInfo = veriMe;
		};
		18C044C124A88A8500E9A278 /* PBXContainerItemProxy */ = {
			isa = PBXContainerItemProxy;
			containerPortal = 18C0449724A88A8300E9A278 /* Project object */;
			proxyType = 1;
			remoteGlobalIDString = 18C0449E24A88A8300E9A278;
			remoteInfo = veriMe;
		};
/* End PBXContainerItemProxy section */

/* Begin PBXFileReference section */
		182A435324A9D775009D1E54 /* DrawerTransition.swift */ = {isa = PBXFileReference; fileEncoding = 4; lastKnownFileType = sourcecode.swift; path = DrawerTransition.swift; sourceTree = "<group>"; };
		182A435624A9DFFA009D1E54 /* HomeViewController.swift */ = {isa = PBXFileReference; lastKnownFileType = sourcecode.swift; path = HomeViewController.swift; sourceTree = "<group>"; };
		182A435824A9E004009D1E54 /* RefrencesViewController.swift */ = {isa = PBXFileReference; lastKnownFileType = sourcecode.swift; path = RefrencesViewController.swift; sourceTree = "<group>"; };
		182A435A24A9E00F009D1E54 /* ProfileViewController.swift */ = {isa = PBXFileReference; lastKnownFileType = sourcecode.swift; path = ProfileViewController.swift; sourceTree = "<group>"; };
		182A435C24A9E01A009D1E54 /* SettingsViewController.swift */ = {isa = PBXFileReference; lastKnownFileType = sourcecode.swift; path = SettingsViewController.swift; sourceTree = "<group>"; };
		182A435E24A9E024009D1E54 /* SideMenuViewController.swift */ = {isa = PBXFileReference; lastKnownFileType = sourcecode.swift; path = SideMenuViewController.swift; sourceTree = "<group>"; };
		1831E00424AB52830081156F /* SettingsTableViewCell.swift */ = {isa = PBXFileReference; lastKnownFileType = sourcecode.swift; path = SettingsTableViewCell.swift; sourceTree = "<group>"; };
		1831E00524AB52830081156F /* SettingsTableViewCell.xib */ = {isa = PBXFileReference; lastKnownFileType = file.xib; path = SettingsTableViewCell.xib; sourceTree = "<group>"; };
		1831E00924AB6BB80081156F /* ContactUsViewController.swift */ = {isa = PBXFileReference; lastKnownFileType = sourcecode.swift; path = ContactUsViewController.swift; sourceTree = "<group>"; };
		1831E00B24AB6BC20081156F /* AboutUsViewController.swift */ = {isa = PBXFileReference; lastKnownFileType = sourcecode.swift; path = AboutUsViewController.swift; sourceTree = "<group>"; };
		18470C9A24A8C29A004B52B1 /* Comfortaa-Bold.ttf */ = {isa = PBXFileReference; lastKnownFileType = file; path = "Comfortaa-Bold.ttf"; sourceTree = "<group>"; };
		18470C9B24A8C29A004B52B1 /* Comfortaa-Regular.ttf */ = {isa = PBXFileReference; lastKnownFileType = file; path = "Comfortaa-Regular.ttf"; sourceTree = "<group>"; };
		18470C9C24A8C29A004B52B1 /* Comfortaa-Light.ttf */ = {isa = PBXFileReference; lastKnownFileType = file; path = "Comfortaa-Light.ttf"; sourceTree = "<group>"; };
		18470CA124A8C5DD004B52B1 /* Register.storyboard */ = {isa = PBXFileReference; lastKnownFileType = file.storyboard; path = Register.storyboard; sourceTree = "<group>"; };
		18470CA324A8C7F4004B52B1 /* Extensions.swift */ = {isa = PBXFileReference; lastKnownFileType = sourcecode.swift; path = Extensions.swift; sourceTree = "<group>"; };
		18470CA524A8C80D004B52B1 /* CommonClass.swift */ = {isa = PBXFileReference; lastKnownFileType = sourcecode.swift; path = CommonClass.swift; sourceTree = "<group>"; };
		18470CA724A8CF13004B52B1 /* SignInViewController.swift */ = {isa = PBXFileReference; lastKnownFileType = sourcecode.swift; path = SignInViewController.swift; sourceTree = "<group>"; };
		18470CA924A8CF1F004B52B1 /* SingUpViewController.swift */ = {isa = PBXFileReference; lastKnownFileType = sourcecode.swift; path = SingUpViewController.swift; sourceTree = "<group>"; };
		18470CAB24A8EC55004B52B1 /* ForgetPasswordViewController.swift */ = {isa = PBXFileReference; lastKnownFileType = sourcecode.swift; path = ForgetPasswordViewController.swift; sourceTree = "<group>"; };
		186A822C24AF12C300C9B2FF /* ViewReferenceTableViewCell.swift */ = {isa = PBXFileReference; lastKnownFileType = sourcecode.swift; path = ViewReferenceTableViewCell.swift; sourceTree = "<group>"; };
		186A822D24AF12C300C9B2FF /* ViewReferenceTableViewCell.xib */ = {isa = PBXFileReference; lastKnownFileType = file.xib; path = ViewReferenceTableViewCell.xib; sourceTree = "<group>"; };
		186A823024AF1A9A00C9B2FF /* PendingReferenceViewController.swift */ = {isa = PBXFileReference; lastKnownFileType = sourcecode.swift; path = PendingReferenceViewController.swift; sourceTree = "<group>"; };
		186A823224AF1AEB00C9B2FF /* PendingReferenceTableViewCell.swift */ = {isa = PBXFileReference; lastKnownFileType = sourcecode.swift; path = PendingReferenceTableViewCell.swift; sourceTree = "<group>"; };
		186A823324AF1AEB00C9B2FF /* PendingReferenceTableViewCell.xib */ = {isa = PBXFileReference; lastKnownFileType = file.xib; path = PendingReferenceTableViewCell.xib; sourceTree = "<group>"; };
		186A823624AF218900C9B2FF /* SubmitReferenceViewController.swift */ = {isa = PBXFileReference; lastKnownFileType = sourcecode.swift; path = SubmitReferenceViewController.swift; sourceTree = "<group>"; };
		187F7E3224AB249900EDE189 /* SideMenuTableViewCell.swift */ = {isa = PBXFileReference; lastKnownFileType = sourcecode.swift; path = SideMenuTableViewCell.swift; sourceTree = "<group>"; };
		187F7E3324AB249900EDE189 /* SideMenuTableViewCell.xib */ = {isa = PBXFileReference; lastKnownFileType = file.xib; path = SideMenuTableViewCell.xib; sourceTree = "<group>"; };
		18C0449F24A88A8300E9A278 /* veriMe.app */ = {isa = PBXFileReference; explicitFileType = wrapper.application; includeInIndex = 0; path = veriMe.app; sourceTree = BUILT_PRODUCTS_DIR; };
		18C044A224A88A8300E9A278 /* AppDelegate.swift */ = {isa = PBXFileReference; lastKnownFileType = sourcecode.swift; path = AppDelegate.swift; sourceTree = "<group>"; };
		18C044A424A88A8300E9A278 /* SceneDelegate.swift */ = {isa = PBXFileReference; lastKnownFileType = sourcecode.swift; path = SceneDelegate.swift; sourceTree = "<group>"; };
		18C044A624A88A8300E9A278 /* ViewController.swift */ = {isa = PBXFileReference; lastKnownFileType = sourcecode.swift; path = ViewController.swift; sourceTree = "<group>"; };
		18C044A924A88A8300E9A278 /* Base */ = {isa = PBXFileReference; lastKnownFileType = file.storyboard; name = Base; path = Base.lproj/Main.storyboard; sourceTree = "<group>"; };
		18C044AB24A88A8500E9A278 /* Assets.xcassets */ = {isa = PBXFileReference; lastKnownFileType = folder.assetcatalog; path = Assets.xcassets; sourceTree = "<group>"; };
		18C044AE24A88A8500E9A278 /* Base */ = {isa = PBXFileReference; lastKnownFileType = file.storyboard; name = Base; path = Base.lproj/LaunchScreen.storyboard; sourceTree = "<group>"; };
		18C044B024A88A8500E9A278 /* Info.plist */ = {isa = PBXFileReference; lastKnownFileType = text.plist.xml; path = Info.plist; sourceTree = "<group>"; };
		18C044B524A88A8500E9A278 /* veriMeTests.xctest */ = {isa = PBXFileReference; explicitFileType = wrapper.cfbundle; includeInIndex = 0; path = veriMeTests.xctest; sourceTree = BUILT_PRODUCTS_DIR; };
		18C044B924A88A8500E9A278 /* veriMeTests.swift */ = {isa = PBXFileReference; lastKnownFileType = sourcecode.swift; path = veriMeTests.swift; sourceTree = "<group>"; };
		18C044BB24A88A8500E9A278 /* Info.plist */ = {isa = PBXFileReference; lastKnownFileType = text.plist.xml; path = Info.plist; sourceTree = "<group>"; };
		18C044C024A88A8500E9A278 /* veriMeUITests.xctest */ = {isa = PBXFileReference; explicitFileType = wrapper.cfbundle; includeInIndex = 0; path = veriMeUITests.xctest; sourceTree = BUILT_PRODUCTS_DIR; };
		18C044C424A88A8500E9A278 /* veriMeUITests.swift */ = {isa = PBXFileReference; lastKnownFileType = sourcecode.swift; path = veriMeUITests.swift; sourceTree = "<group>"; };
		18C044C624A88A8500E9A278 /* Info.plist */ = {isa = PBXFileReference; lastKnownFileType = text.plist.xml; path = Info.plist; sourceTree = "<group>"; };
		18D0C8F324AE63BF00D603CC /* DashboardCollectionViewCell.swift */ = {isa = PBXFileReference; lastKnownFileType = sourcecode.swift; path = DashboardCollectionViewCell.swift; sourceTree = "<group>"; };
		18D0C8F724AE70E500D603CC /* WebKit.framework */ = {isa = PBXFileReference; lastKnownFileType = wrapper.framework; name = WebKit.framework; path = System/Library/Frameworks/WebKit.framework; sourceTree = SDKROOT; };
		5D3666DD647DDE10B75D3F77 /* Pods_veriMeTests.framework */ = {isa = PBXFileReference; explicitFileType = wrapper.framework; includeInIndex = 0; path = Pods_veriMeTests.framework; sourceTree = BUILT_PRODUCTS_DIR; };
		60318DCB9F2A201E46883F35 /* Pods-veriMe.debug.xcconfig */ = {isa = PBXFileReference; includeInIndex = 1; lastKnownFileType = text.xcconfig; name = "Pods-veriMe.debug.xcconfig"; path = "Target Support Files/Pods-veriMe/Pods-veriMe.debug.xcconfig"; sourceTree = "<group>"; };
		6155C75F7142B0EB041A5A0A /* Pods-veriMe-veriMeUITests.release.xcconfig */ = {isa = PBXFileReference; includeInIndex = 1; lastKnownFileType = text.xcconfig; name = "Pods-veriMe-veriMeUITests.release.xcconfig"; path = "Target Support Files/Pods-veriMe-veriMeUITests/Pods-veriMe-veriMeUITests.release.xcconfig"; sourceTree = "<group>"; };
		6D5E8B09EB45CFDFB9B9755C /* Pods_veriMe.framework */ = {isa = PBXFileReference; explicitFileType = wrapper.framework; includeInIndex = 0; path = Pods_veriMe.framework; sourceTree = BUILT_PRODUCTS_DIR; };
		881A12856BA0EDE851B1DDCA /* Pods-veriMeTests.debug.xcconfig */ = {isa = PBXFileReference; includeInIndex = 1; lastKnownFileType = text.xcconfig; name = "Pods-veriMeTests.debug.xcconfig"; path = "Target Support Files/Pods-veriMeTests/Pods-veriMeTests.debug.xcconfig"; sourceTree = "<group>"; };
		9E670608D73642ECA65F852D /* Pods-veriMe-veriMeUITests.debug.xcconfig */ = {isa = PBXFileReference; includeInIndex = 1; lastKnownFileType = text.xcconfig; name = "Pods-veriMe-veriMeUITests.debug.xcconfig"; path = "Target Support Files/Pods-veriMe-veriMeUITests/Pods-veriMe-veriMeUITests.debug.xcconfig"; sourceTree = "<group>"; };
		A65E2DDB15DD849ACC744166 /* Pods-veriMeTests.release.xcconfig */ = {isa = PBXFileReference; includeInIndex = 1; lastKnownFileType = text.xcconfig; name = "Pods-veriMeTests.release.xcconfig"; path = "Target Support Files/Pods-veriMeTests/Pods-veriMeTests.release.xcconfig"; sourceTree = "<group>"; };
		B2144407806D2570D3072A20 /* Pods_veriMe_veriMeUITests.framework */ = {isa = PBXFileReference; explicitFileType = wrapper.framework; includeInIndex = 0; path = Pods_veriMe_veriMeUITests.framework; sourceTree = BUILT_PRODUCTS_DIR; };
		B9B4505BF3B0D98973F99CC3 /* Pods-veriMe.release.xcconfig */ = {isa = PBXFileReference; includeInIndex = 1; lastKnownFileType = text.xcconfig; name = "Pods-veriMe.release.xcconfig"; path = "Target Support Files/Pods-veriMe/Pods-veriMe.release.xcconfig"; sourceTree = "<group>"; };
/* End PBXFileReference section */

/* Begin PBXFrameworksBuildPhase section */
		18C0449C24A88A8300E9A278 /* Frameworks */ = {
			isa = PBXFrameworksBuildPhase;
			buildActionMask = 2147483647;
			files = (
				18D0C8F824AE70E500D603CC /* WebKit.framework in Frameworks */,
				5737E3F42B48CD59DE953F11 /* Pods_veriMe.framework in Frameworks */,
			);
			runOnlyForDeploymentPostprocessing = 0;
		};
		18C044B224A88A8500E9A278 /* Frameworks */ = {
			isa = PBXFrameworksBuildPhase;
			buildActionMask = 2147483647;
			files = (
				524350DCC75153B6E921F53D /* Pods_veriMeTests.framework in Frameworks */,
			);
			runOnlyForDeploymentPostprocessing = 0;
		};
		18C044BD24A88A8500E9A278 /* Frameworks */ = {
			isa = PBXFrameworksBuildPhase;
			buildActionMask = 2147483647;
			files = (
				97EEBACAF97B4BCCE793FF5F /* Pods_veriMe_veriMeUITests.framework in Frameworks */,
			);
			runOnlyForDeploymentPostprocessing = 0;
		};
/* End PBXFrameworksBuildPhase section */

/* Begin PBXGroup section */
		182A435524A9DFE8009D1E54 /* TabbarVcs */ = {
			isa = PBXGroup;
			children = (
				182A435624A9DFFA009D1E54 /* HomeViewController.swift */,
				182A435824A9E004009D1E54 /* RefrencesViewController.swift */,
				182A435A24A9E00F009D1E54 /* ProfileViewController.swift */,
				182A435C24A9E01A009D1E54 /* SettingsViewController.swift */,
				182A435E24A9E024009D1E54 /* SideMenuViewController.swift */,
				186A823024AF1A9A00C9B2FF /* PendingReferenceViewController.swift */,
				186A823624AF218900C9B2FF /* SubmitReferenceViewController.swift */,
			);
			path = TabbarVcs;
			sourceTree = "<group>";
		};
		1831E00824AB6BA20081156F /* OtherVcs */ = {
			isa = PBXGroup;
			children = (
				1831E00924AB6BB80081156F /* ContactUsViewController.swift */,
				1831E00B24AB6BC20081156F /* AboutUsViewController.swift */,
			);
			path = OtherVcs;
			sourceTree = "<group>";
		};
		18470C9624A8C251004B52B1 /* ViewControllers */ = {
			isa = PBXGroup;
			children = (
				1831E00824AB6BA20081156F /* OtherVcs */,
				182A435524A9DFE8009D1E54 /* TabbarVcs */,
				18470CAD24A8EC5A004B52B1 /* RegisterVcs */,
			);
			path = ViewControllers;
			sourceTree = "<group>";
		};
		18470C9724A8C25C004B52B1 /* CustomCells */ = {
			isa = PBXGroup;
			children = (
				187F7E3224AB249900EDE189 /* SideMenuTableViewCell.swift */,
				187F7E3324AB249900EDE189 /* SideMenuTableViewCell.xib */,
				1831E00424AB52830081156F /* SettingsTableViewCell.swift */,
				1831E00524AB52830081156F /* SettingsTableViewCell.xib */,
				18D0C8F324AE63BF00D603CC /* DashboardCollectionViewCell.swift */,
				186A822C24AF12C300C9B2FF /* ViewReferenceTableViewCell.swift */,
				186A822D24AF12C300C9B2FF /* ViewReferenceTableViewCell.xib */,
				186A823224AF1AEB00C9B2FF /* PendingReferenceTableViewCell.swift */,
				186A823324AF1AEB00C9B2FF /* PendingReferenceTableViewCell.xib */,
			);
			path = CustomCells;
			sourceTree = "<group>";
		};
		18470C9824A8C26C004B52B1 /* Utilities */ = {
			isa = PBXGroup;
			children = (
				18470CA324A8C7F4004B52B1 /* Extensions.swift */,
				18470CA524A8C80D004B52B1 /* CommonClass.swift */,
				182A435324A9D775009D1E54 /* DrawerTransition.swift */,
			);
			path = Utilities;
			sourceTree = "<group>";
		};
		18470C9924A8C277004B52B1 /* Fonts */ = {
			isa = PBXGroup;
			children = (
				18470C9A24A8C29A004B52B1 /* Comfortaa-Bold.ttf */,
				18470C9C24A8C29A004B52B1 /* Comfortaa-Light.ttf */,
				18470C9B24A8C29A004B52B1 /* Comfortaa-Regular.ttf */,
			);
			path = Fonts;
			sourceTree = "<group>";
		};
		18470CA024A8C597004B52B1 /* StoryBoards */ = {
			isa = PBXGroup;
			children = (
				18C044A824A88A8300E9A278 /* Main.storyboard */,
				18C044AD24A88A8500E9A278 /* LaunchScreen.storyboard */,
				18470CA124A8C5DD004B52B1 /* Register.storyboard */,
			);
			path = StoryBoards;
			sourceTree = "<group>";
		};
		18470CAD24A8EC5A004B52B1 /* RegisterVcs */ = {
			isa = PBXGroup;
			children = (
				18C044A624A88A8300E9A278 /* ViewController.swift */,
				18470CA724A8CF13004B52B1 /* SignInViewController.swift */,
				18470CA924A8CF1F004B52B1 /* SingUpViewController.swift */,
				18470CAB24A8EC55004B52B1 /* ForgetPasswordViewController.swift */,
			);
			path = RegisterVcs;
			sourceTree = "<group>";
		};
		18C0449624A88A8300E9A278 = {
			isa = PBXGroup;
			children = (
				18C044A124A88A8300E9A278 /* veriMe */,
				18C044B824A88A8500E9A278 /* veriMeTests */,
				18C044C324A88A8500E9A278 /* veriMeUITests */,
				18C044A024A88A8300E9A278 /* Products */,
				6DE91C90A213F8EDF33CED38 /* Pods */,
				5AF843F0C5F91C441E6A105C /* Frameworks */,
			);
			sourceTree = "<group>";
		};
		18C044A024A88A8300E9A278 /* Products */ = {
			isa = PBXGroup;
			children = (
				18C0449F24A88A8300E9A278 /* veriMe.app */,
				18C044B524A88A8500E9A278 /* veriMeTests.xctest */,
				18C044C024A88A8500E9A278 /* veriMeUITests.xctest */,
			);
			name = Products;
			sourceTree = "<group>";
		};
		18C044A124A88A8300E9A278 /* veriMe */ = {
			isa = PBXGroup;
			children = (
				18470CA024A8C597004B52B1 /* StoryBoards */,
				18470C9924A8C277004B52B1 /* Fonts */,
				18470C9824A8C26C004B52B1 /* Utilities */,
				18470C9724A8C25C004B52B1 /* CustomCells */,
				18470C9624A8C251004B52B1 /* ViewControllers */,
				18C044A224A88A8300E9A278 /* AppDelegate.swift */,
				18C044A424A88A8300E9A278 /* SceneDelegate.swift */,
				18C044AB24A88A8500E9A278 /* Assets.xcassets */,
				18C044B024A88A8500E9A278 /* Info.plist */,
			);
			path = veriMe;
			sourceTree = "<group>";
		};
		18C044B824A88A8500E9A278 /* veriMeTests */ = {
			isa = PBXGroup;
			children = (
				18C044B924A88A8500E9A278 /* veriMeTests.swift */,
				18C044BB24A88A8500E9A278 /* Info.plist */,
			);
			path = veriMeTests;
			sourceTree = "<group>";
		};
		18C044C324A88A8500E9A278 /* veriMeUITests */ = {
			isa = PBXGroup;
			children = (
				18C044C424A88A8500E9A278 /* veriMeUITests.swift */,
				18C044C624A88A8500E9A278 /* Info.plist */,
			);
			path = veriMeUITests;
			sourceTree = "<group>";
		};
		5AF843F0C5F91C441E6A105C /* Frameworks */ = {
			isa = PBXGroup;
			children = (
				18D0C8F724AE70E500D603CC /* WebKit.framework */,
				6D5E8B09EB45CFDFB9B9755C /* Pods_veriMe.framework */,
				B2144407806D2570D3072A20 /* Pods_veriMe_veriMeUITests.framework */,
				5D3666DD647DDE10B75D3F77 /* Pods_veriMeTests.framework */,
			);
			name = Frameworks;
			sourceTree = "<group>";
		};
		6DE91C90A213F8EDF33CED38 /* Pods */ = {
			isa = PBXGroup;
			children = (
				60318DCB9F2A201E46883F35 /* Pods-veriMe.debug.xcconfig */,
				B9B4505BF3B0D98973F99CC3 /* Pods-veriMe.release.xcconfig */,
				9E670608D73642ECA65F852D /* Pods-veriMe-veriMeUITests.debug.xcconfig */,
				6155C75F7142B0EB041A5A0A /* Pods-veriMe-veriMeUITests.release.xcconfig */,
				881A12856BA0EDE851B1DDCA /* Pods-veriMeTests.debug.xcconfig */,
				A65E2DDB15DD849ACC744166 /* Pods-veriMeTests.release.xcconfig */,
			);
			path = Pods;
			sourceTree = "<group>";
		};
/* End PBXGroup section */

/* Begin PBXNativeTarget section */
		18C0449E24A88A8300E9A278 /* veriMe */ = {
			isa = PBXNativeTarget;
			buildConfigurationList = 18C044C924A88A8500E9A278 /* Build configuration list for PBXNativeTarget "veriMe" */;
			buildPhases = (
				3B75BB023EC1290C0E272D17 /* [CP] Check Pods Manifest.lock */,
				18C0449B24A88A8300E9A278 /* Sources */,
				18C0449C24A88A8300E9A278 /* Frameworks */,
				18C0449D24A88A8300E9A278 /* Resources */,
				AF9DA1E2CE6912CF967B70A0 /* [CP] Embed Pods Frameworks */,
			);
			buildRules = (
			);
			dependencies = (
			);
			name = veriMe;
			productName = veriMe;
			productReference = 18C0449F24A88A8300E9A278 /* veriMe.app */;
			productType = "com.apple.product-type.application";
		};
		18C044B424A88A8500E9A278 /* veriMeTests */ = {
			isa = PBXNativeTarget;
			buildConfigurationList = 18C044CC24A88A8500E9A278 /* Build configuration list for PBXNativeTarget "veriMeTests" */;
			buildPhases = (
				BD99A3F9415915F38EA401F2 /* [CP] Check Pods Manifest.lock */,
				18C044B124A88A8500E9A278 /* Sources */,
				18C044B224A88A8500E9A278 /* Frameworks */,
				18C044B324A88A8500E9A278 /* Resources */,
			);
			buildRules = (
			);
			dependencies = (
				18C044B724A88A8500E9A278 /* PBXTargetDependency */,
			);
			name = veriMeTests;
			productName = veriMeTests;
			productReference = 18C044B524A88A8500E9A278 /* veriMeTests.xctest */;
			productType = "com.apple.product-type.bundle.unit-test";
		};
		18C044BF24A88A8500E9A278 /* veriMeUITests */ = {
			isa = PBXNativeTarget;
			buildConfigurationList = 18C044CF24A88A8500E9A278 /* Build configuration list for PBXNativeTarget "veriMeUITests" */;
			buildPhases = (
				A58631C4FFBB0E6EDEB71DA2 /* [CP] Check Pods Manifest.lock */,
				18C044BC24A88A8500E9A278 /* Sources */,
				18C044BD24A88A8500E9A278 /* Frameworks */,
				18C044BE24A88A8500E9A278 /* Resources */,
				7C1E6A3F1C9C6C084D2BB94C /* [CP] Embed Pods Frameworks */,
			);
			buildRules = (
			);
			dependencies = (
				18C044C224A88A8500E9A278 /* PBXTargetDependency */,
			);
			name = veriMeUITests;
			productName = veriMeUITests;
			productReference = 18C044C024A88A8500E9A278 /* veriMeUITests.xctest */;
			productType = "com.apple.product-type.bundle.ui-testing";
		};
/* End PBXNativeTarget section */

/* Begin PBXProject section */
		18C0449724A88A8300E9A278 /* Project object */ = {
			isa = PBXProject;
			attributes = {
				LastSwiftUpdateCheck = 1150;
				LastUpgradeCheck = 1150;
				ORGANIZATIONNAME = "Rameez Hasan";
				TargetAttributes = {
					18C0449E24A88A8300E9A278 = {
						CreatedOnToolsVersion = 11.5;
					};
					18C044B424A88A8500E9A278 = {
						CreatedOnToolsVersion = 11.5;
						TestTargetID = 18C0449E24A88A8300E9A278;
					};
					18C044BF24A88A8500E9A278 = {
						CreatedOnToolsVersion = 11.5;
						TestTargetID = 18C0449E24A88A8300E9A278;
					};
				};
			};
			buildConfigurationList = 18C0449A24A88A8300E9A278 /* Build configuration list for PBXProject "veriMe" */;
			compatibilityVersion = "Xcode 9.3";
			developmentRegion = en;
			hasScannedForEncodings = 0;
			knownRegions = (
				en,
				Base,
			);
			mainGroup = 18C0449624A88A8300E9A278;
			productRefGroup = 18C044A024A88A8300E9A278 /* Products */;
			projectDirPath = "";
			projectRoot = "";
			targets = (
				18C0449E24A88A8300E9A278 /* veriMe */,
				18C044B424A88A8500E9A278 /* veriMeTests */,
				18C044BF24A88A8500E9A278 /* veriMeUITests */,
			);
		};
/* End PBXProject section */

/* Begin PBXResourcesBuildPhase section */
		18C0449D24A88A8300E9A278 /* Resources */ = {
			isa = PBXResourcesBuildPhase;
			buildActionMask = 2147483647;
			files = (
				18470C9D24A8C29A004B52B1 /* Comfortaa-Bold.ttf in Resources */,
				186A823524AF1AEB00C9B2FF /* PendingReferenceTableViewCell.xib in Resources */,
				18C044AF24A88A8500E9A278 /* LaunchScreen.storyboard in Resources */,
				186A822F24AF12C300C9B2FF /* ViewReferenceTableViewCell.xib in Resources */,
				18470CA224A8C5DD004B52B1 /* Register.storyboard in Resources */,
				1831E00724AB52830081156F /* SettingsTableViewCell.xib in Resources */,
				18C044AC24A88A8500E9A278 /* Assets.xcassets in Resources */,
				18470C9E24A8C29A004B52B1 /* Comfortaa-Regular.ttf in Resources */,
				18470C9F24A8C29A004B52B1 /* Comfortaa-Light.ttf in Resources */,
				18C044AA24A88A8300E9A278 /* Main.storyboard in Resources */,
				187F7E3524AB249900EDE189 /* SideMenuTableViewCell.xib in Resources */,
			);
			runOnlyForDeploymentPostprocessing = 0;
		};
		18C044B324A88A8500E9A278 /* Resources */ = {
			isa = PBXResourcesBuildPhase;
			buildActionMask = 2147483647;
			files = (
			);
			runOnlyForDeploymentPostprocessing = 0;
		};
		18C044BE24A88A8500E9A278 /* Resources */ = {
			isa = PBXResourcesBuildPhase;
			buildActionMask = 2147483647;
			files = (
			);
			runOnlyForDeploymentPostprocessing = 0;
		};
/* End PBXResourcesBuildPhase section */

/* Begin PBXShellScriptBuildPhase section */
		3B75BB023EC1290C0E272D17 /* [CP] Check Pods Manifest.lock */ = {
			isa = PBXShellScriptBuildPhase;
			buildActionMask = 2147483647;
			files = (
			);
			inputFileListPaths = (
			);
			inputPaths = (
				"${PODS_PODFILE_DIR_PATH}/Podfile.lock",
				"${PODS_ROOT}/Manifest.lock",
			);
			name = "[CP] Check Pods Manifest.lock";
			outputFileListPaths = (
			);
			outputPaths = (
				"$(DERIVED_FILE_DIR)/Pods-veriMe-checkManifestLockResult.txt",
			);
			runOnlyForDeploymentPostprocessing = 0;
			shellPath = /bin/sh;
			shellScript = "diff \"${PODS_PODFILE_DIR_PATH}/Podfile.lock\" \"${PODS_ROOT}/Manifest.lock\" > /dev/null\nif [ $? != 0 ] ; then\n    # print error to STDERR\n    echo \"error: The sandbox is not in sync with the Podfile.lock. Run 'pod install' or update your CocoaPods installation.\" >&2\n    exit 1\nfi\n# This output is used by Xcode 'outputs' to avoid re-running this script phase.\necho \"SUCCESS\" > \"${SCRIPT_OUTPUT_FILE_0}\"\n";
			showEnvVarsInLog = 0;
		};
		7C1E6A3F1C9C6C084D2BB94C /* [CP] Embed Pods Frameworks */ = {
			isa = PBXShellScriptBuildPhase;
			buildActionMask = 2147483647;
			files = (
			);
			inputFileListPaths = (
				"${PODS_ROOT}/Target Support Files/Pods-veriMe-veriMeUITests/Pods-veriMe-veriMeUITests-frameworks-${CONFIGURATION}-input-files.xcfilelist",
			);
			name = "[CP] Embed Pods Frameworks";
			outputFileListPaths = (
				"${PODS_ROOT}/Target Support Files/Pods-veriMe-veriMeUITests/Pods-veriMe-veriMeUITests-frameworks-${CONFIGURATION}-output-files.xcfilelist",
			);
			runOnlyForDeploymentPostprocessing = 0;
			shellPath = /bin/sh;
			shellScript = "\"${PODS_ROOT}/Target Support Files/Pods-veriMe-veriMeUITests/Pods-veriMe-veriMeUITests-frameworks.sh\"\n";
			showEnvVarsInLog = 0;
		};
		A58631C4FFBB0E6EDEB71DA2 /* [CP] Check Pods Manifest.lock */ = {
			isa = PBXShellScriptBuildPhase;
			buildActionMask = 2147483647;
			files = (
			);
			inputFileListPaths = (
			);
			inputPaths = (
				"${PODS_PODFILE_DIR_PATH}/Podfile.lock",
				"${PODS_ROOT}/Manifest.lock",
			);
			name = "[CP] Check Pods Manifest.lock";
			outputFileListPaths = (
			);
			outputPaths = (
				"$(DERIVED_FILE_DIR)/Pods-veriMe-veriMeUITests-checkManifestLockResult.txt",
			);
			runOnlyForDeploymentPostprocessing = 0;
			shellPath = /bin/sh;
			shellScript = "diff \"${PODS_PODFILE_DIR_PATH}/Podfile.lock\" \"${PODS_ROOT}/Manifest.lock\" > /dev/null\nif [ $? != 0 ] ; then\n    # print error to STDERR\n    echo \"error: The sandbox is not in sync with the Podfile.lock. Run 'pod install' or update your CocoaPods installation.\" >&2\n    exit 1\nfi\n# This output is used by Xcode 'outputs' to avoid re-running this script phase.\necho \"SUCCESS\" > \"${SCRIPT_OUTPUT_FILE_0}\"\n";
			showEnvVarsInLog = 0;
		};
		AF9DA1E2CE6912CF967B70A0 /* [CP] Embed Pods Frameworks */ = {
			isa = PBXShellScriptBuildPhase;
			buildActionMask = 2147483647;
			files = (
			);
			inputFileListPaths = (
				"${PODS_ROOT}/Target Support Files/Pods-veriMe/Pods-veriMe-frameworks-${CONFIGURATION}-input-files.xcfilelist",
			);
			name = "[CP] Embed Pods Frameworks";
			outputFileListPaths = (
				"${PODS_ROOT}/Target Support Files/Pods-veriMe/Pods-veriMe-frameworks-${CONFIGURATION}-output-files.xcfilelist",
			);
			runOnlyForDeploymentPostprocessing = 0;
			shellPath = /bin/sh;
			shellScript = "\"${PODS_ROOT}/Target Support Files/Pods-veriMe/Pods-veriMe-frameworks.sh\"\n";
			showEnvVarsInLog = 0;
		};
		BD99A3F9415915F38EA401F2 /* [CP] Check Pods Manifest.lock */ = {
			isa = PBXShellScriptBuildPhase;
			buildActionMask = 2147483647;
			files = (
			);
			inputFileListPaths = (
			);
			inputPaths = (
				"${PODS_PODFILE_DIR_PATH}/Podfile.lock",
				"${PODS_ROOT}/Manifest.lock",
			);
			name = "[CP] Check Pods Manifest.lock";
			outputFileListPaths = (
			);
			outputPaths = (
				"$(DERIVED_FILE_DIR)/Pods-veriMeTests-checkManifestLockResult.txt",
			);
			runOnlyForDeploymentPostprocessing = 0;
			shellPath = /bin/sh;
			shellScript = "diff \"${PODS_PODFILE_DIR_PATH}/Podfile.lock\" \"${PODS_ROOT}/Manifest.lock\" > /dev/null\nif [ $? != 0 ] ; then\n    # print error to STDERR\n    echo \"error: The sandbox is not in sync with the Podfile.lock. Run 'pod install' or update your CocoaPods installation.\" >&2\n    exit 1\nfi\n# This output is used by Xcode 'outputs' to avoid re-running this script phase.\necho \"SUCCESS\" > \"${SCRIPT_OUTPUT_FILE_0}\"\n";
			showEnvVarsInLog = 0;
		};
/* End PBXShellScriptBuildPhase section */

/* Begin PBXSourcesBuildPhase section */
		18C0449B24A88A8300E9A278 /* Sources */ = {
			isa = PBXSourcesBuildPhase;
			buildActionMask = 2147483647;
			files = (
				187F7E3424AB249900EDE189 /* SideMenuTableViewCell.swift in Sources */,
				18470CA624A8C80D004B52B1 /* CommonClass.swift in Sources */,
				18470CAA24A8CF1F004B52B1 /* SingUpViewController.swift in Sources */,
				186A823424AF1AEB00C9B2FF /* PendingReferenceTableViewCell.swift in Sources */,
				18C044A724A88A8300E9A278 /* ViewController.swift in Sources */,
				18470CA824A8CF13004B52B1 /* SignInViewController.swift in Sources */,
				182A435F24A9E024009D1E54 /* SideMenuViewController.swift in Sources */,
				182A435924A9E004009D1E54 /* RefrencesViewController.swift in Sources */,
				18C044A324A88A8300E9A278 /* AppDelegate.swift in Sources */,
				1831E00A24AB6BB80081156F /* ContactUsViewController.swift in Sources */,
				182A435B24A9E00F009D1E54 /* ProfileViewController.swift in Sources */,
				1831E00C24AB6BC20081156F /* AboutUsViewController.swift in Sources */,
				186A823124AF1A9A00C9B2FF /* PendingReferenceViewController.swift in Sources */,
				182A435724A9DFFA009D1E54 /* HomeViewController.swift in Sources */,
				186A822E24AF12C300C9B2FF /* ViewReferenceTableViewCell.swift in Sources */,
				1831E00624AB52830081156F /* SettingsTableViewCell.swift in Sources */,
				18C044A524A88A8300E9A278 /* SceneDelegate.swift in Sources */,
				18470CAC24A8EC55004B52B1 /* ForgetPasswordViewController.swift in Sources */,
				18D0C8F524AE63BF00D603CC /* DashboardCollectionViewCell.swift in Sources */,
				182A435D24A9E01A009D1E54 /* SettingsViewController.swift in Sources */,
				182A435424A9D775009D1E54 /* DrawerTransition.swift in Sources */,
				186A823724AF218900C9B2FF /* SubmitReferenceViewController.swift in Sources */,
				18470CA424A8C7F4004B52B1 /* Extensions.swift in Sources */,
			);
			runOnlyForDeploymentPostprocessing = 0;
		};
		18C044B124A88A8500E9A278 /* Sources */ = {
			isa = PBXSourcesBuildPhase;
			buildActionMask = 2147483647;
			files = (
				18C044BA24A88A8500E9A278 /* veriMeTests.swift in Sources */,
			);
			runOnlyForDeploymentPostprocessing = 0;
		};
		18C044BC24A88A8500E9A278 /* Sources */ = {
			isa = PBXSourcesBuildPhase;
			buildActionMask = 2147483647;
			files = (
				18C044C524A88A8500E9A278 /* veriMeUITests.swift in Sources */,
			);
			runOnlyForDeploymentPostprocessing = 0;
		};
/* End PBXSourcesBuildPhase section */

/* Begin PBXTargetDependency section */
		18C044B724A88A8500E9A278 /* PBXTargetDependency */ = {
			isa = PBXTargetDependency;
			target = 18C0449E24A88A8300E9A278 /* veriMe */;
			targetProxy = 18C044B624A88A8500E9A278 /* PBXContainerItemProxy */;
		};
		18C044C224A88A8500E9A278 /* PBXTargetDependency */ = {
			isa = PBXTargetDependency;
			target = 18C0449E24A88A8300E9A278 /* veriMe */;
			targetProxy = 18C044C124A88A8500E9A278 /* PBXContainerItemProxy */;
		};
/* End PBXTargetDependency section */

/* Begin PBXVariantGroup section */
		18C044A824A88A8300E9A278 /* Main.storyboard */ = {
			isa = PBXVariantGroup;
			children = (
				18C044A924A88A8300E9A278 /* Base */,
			);
			name = Main.storyboard;
			sourceTree = "<group>";
		};
		18C044AD24A88A8500E9A278 /* LaunchScreen.storyboard */ = {
			isa = PBXVariantGroup;
			children = (
				18C044AE24A88A8500E9A278 /* Base */,
			);
			name = LaunchScreen.storyboard;
			sourceTree = "<group>";
		};
/* End PBXVariantGroup section */

/* Begin XCBuildConfiguration section */
		18C044C724A88A8500E9A278 /* Debug */ = {
			isa = XCBuildConfiguration;
			buildSettings = {
				ALWAYS_SEARCH_USER_PATHS = NO;
				CLANG_ANALYZER_NONNULL = YES;
				CLANG_ANALYZER_NUMBER_OBJECT_CONVERSION = YES_AGGRESSIVE;
				CLANG_CXX_LANGUAGE_STANDARD = "gnu++14";
				CLANG_CXX_LIBRARY = "libc++";
				CLANG_ENABLE_MODULES = YES;
				CLANG_ENABLE_OBJC_ARC = YES;
				CLANG_ENABLE_OBJC_WEAK = YES;
				CLANG_WARN_BLOCK_CAPTURE_AUTORELEASING = YES;
				CLANG_WARN_BOOL_CONVERSION = YES;
				CLANG_WARN_COMMA = YES;
				CLANG_WARN_CONSTANT_CONVERSION = YES;
				CLANG_WARN_DEPRECATED_OBJC_IMPLEMENTATIONS = YES;
				CLANG_WARN_DIRECT_OBJC_ISA_USAGE = YES_ERROR;
				CLANG_WARN_DOCUMENTATION_COMMENTS = YES;
				CLANG_WARN_EMPTY_BODY = YES;
				CLANG_WARN_ENUM_CONVERSION = YES;
				CLANG_WARN_INFINITE_RECURSION = YES;
				CLANG_WARN_INT_CONVERSION = YES;
				CLANG_WARN_NON_LITERAL_NULL_CONVERSION = YES;
				CLANG_WARN_OBJC_IMPLICIT_RETAIN_SELF = YES;
				CLANG_WARN_OBJC_LITERAL_CONVERSION = YES;
				CLANG_WARN_OBJC_ROOT_CLASS = YES_ERROR;
				CLANG_WARN_RANGE_LOOP_ANALYSIS = YES;
				CLANG_WARN_STRICT_PROTOTYPES = YES;
				CLANG_WARN_SUSPICIOUS_MOVE = YES;
				CLANG_WARN_UNGUARDED_AVAILABILITY = YES_AGGRESSIVE;
				CLANG_WARN_UNREACHABLE_CODE = YES;
				CLANG_WARN__DUPLICATE_METHOD_MATCH = YES;
				COPY_PHASE_STRIP = NO;
				DEBUG_INFORMATION_FORMAT = dwarf;
				ENABLE_STRICT_OBJC_MSGSEND = YES;
				ENABLE_TESTABILITY = YES;
				GCC_C_LANGUAGE_STANDARD = gnu11;
				GCC_DYNAMIC_NO_PIC = NO;
				GCC_NO_COMMON_BLOCKS = YES;
				GCC_OPTIMIZATION_LEVEL = 0;
				GCC_PREPROCESSOR_DEFINITIONS = (
					"DEBUG=1",
					"$(inherited)",
				);
				GCC_WARN_64_TO_32_BIT_CONVERSION = YES;
				GCC_WARN_ABOUT_RETURN_TYPE = YES_ERROR;
				GCC_WARN_UNDECLARED_SELECTOR = YES;
				GCC_WARN_UNINITIALIZED_AUTOS = YES_AGGRESSIVE;
				GCC_WARN_UNUSED_FUNCTION = YES;
				GCC_WARN_UNUSED_VARIABLE = YES;
				IPHONEOS_DEPLOYMENT_TARGET = 13.5;
				MTL_ENABLE_DEBUG_INFO = INCLUDE_SOURCE;
				MTL_FAST_MATH = YES;
				ONLY_ACTIVE_ARCH = YES;
				SDKROOT = iphoneos;
				SWIFT_ACTIVE_COMPILATION_CONDITIONS = DEBUG;
				SWIFT_OPTIMIZATION_LEVEL = "-Onone";
			};
			name = Debug;
		};
		18C044C824A88A8500E9A278 /* Release */ = {
			isa = XCBuildConfiguration;
			buildSettings = {
				ALWAYS_SEARCH_USER_PATHS = NO;
				CLANG_ANALYZER_NONNULL = YES;
				CLANG_ANALYZER_NUMBER_OBJECT_CONVERSION = YES_AGGRESSIVE;
				CLANG_CXX_LANGUAGE_STANDARD = "gnu++14";
				CLANG_CXX_LIBRARY = "libc++";
				CLANG_ENABLE_MODULES = YES;
				CLANG_ENABLE_OBJC_ARC = YES;
				CLANG_ENABLE_OBJC_WEAK = YES;
				CLANG_WARN_BLOCK_CAPTURE_AUTORELEASING = YES;
				CLANG_WARN_BOOL_CONVERSION = YES;
				CLANG_WARN_COMMA = YES;
				CLANG_WARN_CONSTANT_CONVERSION = YES;
				CLANG_WARN_DEPRECATED_OBJC_IMPLEMENTATIONS = YES;
				CLANG_WARN_DIRECT_OBJC_ISA_USAGE = YES_ERROR;
				CLANG_WARN_DOCUMENTATION_COMMENTS = YES;
				CLANG_WARN_EMPTY_BODY = YES;
				CLANG_WARN_ENUM_CONVERSION = YES;
				CLANG_WARN_INFINITE_RECURSION = YES;
				CLANG_WARN_INT_CONVERSION = YES;
				CLANG_WARN_NON_LITERAL_NULL_CONVERSION = YES;
				CLANG_WARN_OBJC_IMPLICIT_RETAIN_SELF = YES;
				CLANG_WARN_OBJC_LITERAL_CONVERSION = YES;
				CLANG_WARN_OBJC_ROOT_CLASS = YES_ERROR;
				CLANG_WARN_RANGE_LOOP_ANALYSIS = YES;
				CLANG_WARN_STRICT_PROTOTYPES = YES;
				CLANG_WARN_SUSPICIOUS_MOVE = YES;
				CLANG_WARN_UNGUARDED_AVAILABILITY = YES_AGGRESSIVE;
				CLANG_WARN_UNREACHABLE_CODE = YES;
				CLANG_WARN__DUPLICATE_METHOD_MATCH = YES;
				COPY_PHASE_STRIP = NO;
				DEBUG_INFORMATION_FORMAT = "dwarf-with-dsym";
				ENABLE_NS_ASSERTIONS = NO;
				ENABLE_STRICT_OBJC_MSGSEND = YES;
				GCC_C_LANGUAGE_STANDARD = gnu11;
				GCC_NO_COMMON_BLOCKS = YES;
				GCC_WARN_64_TO_32_BIT_CONVERSION = YES;
				GCC_WARN_ABOUT_RETURN_TYPE = YES_ERROR;
				GCC_WARN_UNDECLARED_SELECTOR = YES;
				GCC_WARN_UNINITIALIZED_AUTOS = YES_AGGRESSIVE;
				GCC_WARN_UNUSED_FUNCTION = YES;
				GCC_WARN_UNUSED_VARIABLE = YES;
				IPHONEOS_DEPLOYMENT_TARGET = 13.5;
				MTL_ENABLE_DEBUG_INFO = NO;
				MTL_FAST_MATH = YES;
				SDKROOT = iphoneos;
				SWIFT_COMPILATION_MODE = wholemodule;
				SWIFT_OPTIMIZATION_LEVEL = "-O";
				VALIDATE_PRODUCT = YES;
			};
			name = Release;
		};
		18C044CA24A88A8500E9A278 /* Debug */ = {
			isa = XCBuildConfiguration;
			baseConfigurationReference = 60318DCB9F2A201E46883F35 /* Pods-veriMe.debug.xcconfig */;
			buildSettings = {
				ASSETCATALOG_COMPILER_APPICON_NAME = AppIcon;
				CODE_SIGN_STYLE = Automatic;
				DEVELOPMENT_TEAM = UU43EFY9UW;
				INFOPLIST_FILE = veriMe/Info.plist;
				LD_RUNPATH_SEARCH_PATHS = (
					"$(inherited)",
					"@executable_path/Frameworks",
				);
				PRODUCT_BUNDLE_IDENTIFIER = com.dev.veriMe;
				PRODUCT_NAME = "$(TARGET_NAME)";
				SWIFT_VERSION = 5.0;
				TARGETED_DEVICE_FAMILY = "1,2";
			};
			name = Debug;
		};
		18C044CB24A88A8500E9A278 /* Release */ = {
			isa = XCBuildConfiguration;
			baseConfigurationReference = B9B4505BF3B0D98973F99CC3 /* Pods-veriMe.release.xcconfig */;
			buildSettings = {
				ASSETCATALOG_COMPILER_APPICON_NAME = AppIcon;
				CODE_SIGN_STYLE = Automatic;
				DEVELOPMENT_TEAM = UU43EFY9UW;
				INFOPLIST_FILE = veriMe/Info.plist;
				LD_RUNPATH_SEARCH_PATHS = (
					"$(inherited)",
					"@executable_path/Frameworks",
				);
				PRODUCT_BUNDLE_IDENTIFIER = com.dev.veriMe;
				PRODUCT_NAME = "$(TARGET_NAME)";
				SWIFT_VERSION = 5.0;
				TARGETED_DEVICE_FAMILY = "1,2";
			};
			name = Release;
		};
		18C044CD24A88A8500E9A278 /* Debug */ = {
			isa = XCBuildConfiguration;
			baseConfigurationReference = 881A12856BA0EDE851B1DDCA /* Pods-veriMeTests.debug.xcconfig */;
			buildSettings = {
				ALWAYS_EMBED_SWIFT_STANDARD_LIBRARIES = YES;
				BUNDLE_LOADER = "$(TEST_HOST)";
				CODE_SIGN_STYLE = Automatic;
				DEVELOPMENT_TEAM = UU43EFY9UW;
				INFOPLIST_FILE = veriMeTests/Info.plist;
				IPHONEOS_DEPLOYMENT_TARGET = 13.5;
				LD_RUNPATH_SEARCH_PATHS = (
					"$(inherited)",
					"@executable_path/Frameworks",
					"@loader_path/Frameworks",
				);
				PRODUCT_BUNDLE_IDENTIFIER = com.dev.veriMeTests;
				PRODUCT_NAME = "$(TARGET_NAME)";
				SWIFT_VERSION = 5.0;
				TARGETED_DEVICE_FAMILY = "1,2";
				TEST_HOST = "$(BUILT_PRODUCTS_DIR)/veriMe.app/veriMe";
			};
			name = Debug;
		};
		18C044CE24A88A8500E9A278 /* Release */ = {
			isa = XCBuildConfiguration;
			baseConfigurationReference = A65E2DDB15DD849ACC744166 /* Pods-veriMeTests.release.xcconfig */;
			buildSettings = {
				ALWAYS_EMBED_SWIFT_STANDARD_LIBRARIES = YES;
				BUNDLE_LOADER = "$(TEST_HOST)";
				CODE_SIGN_STYLE = Automatic;
				DEVELOPMENT_TEAM = UU43EFY9UW;
				INFOPLIST_FILE = veriMeTests/Info.plist;
				IPHONEOS_DEPLOYMENT_TARGET = 13.5;
				LD_RUNPATH_SEARCH_PATHS = (
					"$(inherited)",
					"@executable_path/Frameworks",
					"@loader_path/Frameworks",
				);
				PRODUCT_BUNDLE_IDENTIFIER = com.dev.veriMeTests;
				PRODUCT_NAME = "$(TARGET_NAME)";
				SWIFT_VERSION = 5.0;
				TARGETED_DEVICE_FAMILY = "1,2";
				TEST_HOST = "$(BUILT_PRODUCTS_DIR)/veriMe.app/veriMe";
			};
			name = Release;
		};
		18C044D024A88A8500E9A278 /* Debug */ = {
			isa = XCBuildConfiguration;
			baseConfigurationReference = 9E670608D73642ECA65F852D /* Pods-veriMe-veriMeUITests.debug.xcconfig */;
			buildSettings = {
				ALWAYS_EMBED_SWIFT_STANDARD_LIBRARIES = YES;
				CODE_SIGN_STYLE = Automatic;
				DEVELOPMENT_TEAM = UU43EFY9UW;
				INFOPLIST_FILE = veriMeUITests/Info.plist;
				LD_RUNPATH_SEARCH_PATHS = (
					"$(inherited)",
					"@executable_path/Frameworks",
					"@loader_path/Frameworks",
				);
				PRODUCT_BUNDLE_IDENTIFIER = com.dev.veriMeUITests;
				PRODUCT_NAME = "$(TARGET_NAME)";
				SWIFT_VERSION = 5.0;
				TARGETED_DEVICE_FAMILY = "1,2";
				TEST_TARGET_NAME = veriMe;
			};
			name = Debug;
		};
		18C044D124A88A8500E9A278 /* Release */ = {
			isa = XCBuildConfiguration;
			baseConfigurationReference = 6155C75F7142B0EB041A5A0A /* Pods-veriMe-veriMeUITests.release.xcconfig */;
			buildSettings = {
				ALWAYS_EMBED_SWIFT_STANDARD_LIBRARIES = YES;
				CODE_SIGN_STYLE = Automatic;
				DEVELOPMENT_TEAM = UU43EFY9UW;
				INFOPLIST_FILE = veriMeUITests/Info.plist;
				LD_RUNPATH_SEARCH_PATHS = (
					"$(inherited)",
					"@executable_path/Frameworks",
					"@loader_path/Frameworks",
				);
				PRODUCT_BUNDLE_IDENTIFIER = com.dev.veriMeUITests;
				PRODUCT_NAME = "$(TARGET_NAME)";
				SWIFT_VERSION = 5.0;
				TARGETED_DEVICE_FAMILY = "1,2";
				TEST_TARGET_NAME = veriMe;
			};
			name = Release;
		};
/* End XCBuildConfiguration section */

/* Begin XCConfigurationList section */
		18C0449A24A88A8300E9A278 /* Build configuration list for PBXProject "veriMe" */ = {
			isa = XCConfigurationList;
			buildConfigurations = (
				18C044C724A88A8500E9A278 /* Debug */,
				18C044C824A88A8500E9A278 /* Release */,
			);
			defaultConfigurationIsVisible = 0;
			defaultConfigurationName = Release;
		};
		18C044C924A88A8500E9A278 /* Build configuration list for PBXNativeTarget "veriMe" */ = {
			isa = XCConfigurationList;
			buildConfigurations = (
				18C044CA24A88A8500E9A278 /* Debug */,
				18C044CB24A88A8500E9A278 /* Release */,
			);
			defaultConfigurationIsVisible = 0;
			defaultConfigurationName = Release;
		};
		18C044CC24A88A8500E9A278 /* Build configuration list for PBXNativeTarget "veriMeTests" */ = {
			isa = XCConfigurationList;
			buildConfigurations = (
				18C044CD24A88A8500E9A278 /* Debug */,
				18C044CE24A88A8500E9A278 /* Release */,
			);
			defaultConfigurationIsVisible = 0;
			defaultConfigurationName = Release;
		};
		18C044CF24A88A8500E9A278 /* Build configuration list for PBXNativeTarget "veriMeUITests" */ = {
			isa = XCConfigurationList;
			buildConfigurations = (
				18C044D024A88A8500E9A278 /* Debug */,
				18C044D124A88A8500E9A278 /* Release */,
			);
			defaultConfigurationIsVisible = 0;
			defaultConfigurationName = Release;
		};
/* End XCConfigurationList section */
	};
	rootObject = 18C0449724A88A8300E9A278 /* Project object */;
}
